// !$*UTF8*$!
{
	archiveVersion = 1;
	classes = {
	};
	objectVersion = 51;
	objects = {

/* Begin PBXBuildFile section */
		2BDBDDD625C5442200D6F350 /* AppDelegate.swift in Sources */ = {isa = PBXBuildFile; fileRef = 2BDBDDD525C5442200D6F350 /* AppDelegate.swift */; };
		2BDBDDDA25C5442200D6F350 /* ViewController.swift in Sources */ = {isa = PBXBuildFile; fileRef = 2BDBDDD925C5442200D6F350 /* ViewController.swift */; };
		2BDBDDDD25C5442200D6F350 /* Main.storyboard in Resources */ = {isa = PBXBuildFile; fileRef = 2BDBDDDB25C5442200D6F350 /* Main.storyboard */; };
		2BDBDDDF25C5442900D6F350 /* Assets.xcassets in Resources */ = {isa = PBXBuildFile; fileRef = 2BDBDDDE25C5442900D6F350 /* Assets.xcassets */; };
		2BDBDDE225C5442900D6F350 /* LaunchScreen.storyboard in Resources */ = {isa = PBXBuildFile; fileRef = 2BDBDDE025C5442900D6F350 /* LaunchScreen.storyboard */; };
		2BDBDE0425C6780900D6F350 /* Section.swift in Sources */ = {isa = PBXBuildFile; fileRef = 2BDBDE0325C6780900D6F350 /* Section.swift */; };
		2BDBDE0725C6785400D6F350 /* IBPCollectionViewCompositionalLayoutInteroperability.swift in Sources */ = {isa = PBXBuildFile; fileRef = 2BDBDE0625C6785400D6F350 /* IBPCollectionViewCompositionalLayoutInteroperability.swift */; };
		F2470B160E2E355A058B2967 /* Pods_IBPCompositionalLayout_Sample.framework in Frameworks */ = {isa = PBXBuildFile; fileRef = EBEABFE6C7B628030BA87A40 /* Pods_IBPCompositionalLayout_Sample.framework */; };
/* End PBXBuildFile section */

/* Begin PBXFileReference section */
		1E3F2EEEC1FD1D53592932A6 /* Pods-IBPCompositionalLayout-Sample.release.xcconfig */ = {isa = PBXFileReference; includeInIndex = 1; lastKnownFileType = text.xcconfig; name = "Pods-IBPCompositionalLayout-Sample.release.xcconfig"; path = "Target Support Files/Pods-IBPCompositionalLayout-Sample/Pods-IBPCompositionalLayout-Sample.release.xcconfig"; sourceTree = "<group>"; };
		2BDBDDD225C5442200D6F350 /* IBPCompositionalLayout-Sample.app */ = {isa = PBXFileReference; explicitFileType = wrapper.application; includeInIndex = 0; path = "IBPCompositionalLayout-Sample.app"; sourceTree = BUILT_PRODUCTS_DIR; };
		2BDBDDD525C5442200D6F350 /* AppDelegate.swift */ = {isa = PBXFileReference; lastKnownFileType = sourcecode.swift; path = AppDelegate.swift; sourceTree = "<group>"; };
		2BDBDDD925C5442200D6F350 /* ViewController.swift */ = {isa = PBXFileReference; lastKnownFileType = sourcecode.swift; path = ViewController.swift; sourceTree = "<group>"; };
		2BDBDDDC25C5442200D6F350 /* Base */ = {isa = PBXFileReference; lastKnownFileType = file.storyboard; name = Base; path = Base.lproj/Main.storyboard; sourceTree = "<group>"; };
		2BDBDDDE25C5442900D6F350 /* Assets.xcassets */ = {isa = PBXFileReference; lastKnownFileType = folder.assetcatalog; path = Assets.xcassets; sourceTree = "<group>"; };
		2BDBDDE125C5442900D6F350 /* Base */ = {isa = PBXFileReference; lastKnownFileType = file.storyboard; name = Base; path = Base.lproj/LaunchScreen.storyboard; sourceTree = "<group>"; };
		2BDBDDE325C5442900D6F350 /* Info.plist */ = {isa = PBXFileReference; lastKnownFileType = text.plist.xml; path = Info.plist; sourceTree = "<group>"; };
		2BDBDE0325C6780900D6F350 /* Section.swift */ = {isa = PBXFileReference; lastKnownFileType = sourcecode.swift; path = Section.swift; sourceTree = "<group>"; };
		2BDBDE0625C6785400D6F350 /* IBPCollectionViewCompositionalLayoutInteroperability.swift */ = {isa = PBXFileReference; lastKnownFileType = sourcecode.swift; path = IBPCollectionViewCompositionalLayoutInteroperability.swift; sourceTree = "<group>"; };
		6A935FF99A7D89308AFDA39A /* Pods-IBPCompositionalLayout-Sample.debug.xcconfig */ = {isa = PBXFileReference; includeInIndex = 1; lastKnownFileType = text.xcconfig; name = "Pods-IBPCompositionalLayout-Sample.debug.xcconfig"; path = "Target Support Files/Pods-IBPCompositionalLayout-Sample/Pods-IBPCompositionalLayout-Sample.debug.xcconfig"; sourceTree = "<group>"; };
		EBEABFE6C7B628030BA87A40 /* Pods_IBPCompositionalLayout_Sample.framework */ = {isa = PBXFileReference; explicitFileType = wrapper.framework; includeInIndex = 0; path = Pods_IBPCompositionalLayout_Sample.framework; sourceTree = BUILT_PRODUCTS_DIR; };
/* End PBXFileReference section */

/* Begin PBXFrameworksBuildPhase section */
		2BDBDDCF25C5442200D6F350 /* Frameworks */ = {
			isa = PBXFrameworksBuildPhase;
			buildActionMask = 2147483647;
			files = (
				F2470B160E2E355A058B2967 /* Pods_IBPCompositionalLayout_Sample.framework in Frameworks */,
			);
			runOnlyForDeploymentPostprocessing = 0;
		};
/* End PBXFrameworksBuildPhase section */

/* Begin PBXGroup section */
		2BDBDDC925C5442200D6F350 = {
			isa = PBXGroup;
			children = (
				2BDBDDD425C5442200D6F350 /* IBPCompositionalLayout-Sample */,
				2BDBDDD325C5442200D6F350 /* Products */,
				8A0B617DA23FD3187C2F7989 /* Pods */,
				2F2B5669ACF55122B2F41F39 /* Frameworks */,
			);
			sourceTree = "<group>";
		};
		2BDBDDD325C5442200D6F350 /* Products */ = {
			isa = PBXGroup;
			children = (
				2BDBDDD225C5442200D6F350 /* IBPCompositionalLayout-Sample.app */,
			);
			name = Products;
			sourceTree = "<group>";
		};
		2BDBDDD425C5442200D6F350 /* IBPCompositionalLayout-Sample */ = {
			isa = PBXGroup;
			children = (
				2BDBDDD525C5442200D6F350 /* AppDelegate.swift */,
				2BDBDDD925C5442200D6F350 /* ViewController.swift */,
				2BDBDDDB25C5442200D6F350 /* Main.storyboard */,
				2BDBDDDE25C5442900D6F350 /* Assets.xcassets */,
				2BDBDDE025C5442900D6F350 /* LaunchScreen.storyboard */,
				2BDBDDE325C5442900D6F350 /* Info.plist */,
				2BDBDE0325C6780900D6F350 /* Section.swift */,
				2BDBDE0625C6785400D6F350 /* IBPCollectionViewCompositionalLayoutInteroperability.swift */,
			);
			path = "IBPCompositionalLayout-Sample";
			sourceTree = "<group>";
		};
		2F2B5669ACF55122B2F41F39 /* Frameworks */ = {
			isa = PBXGroup;
			children = (
				EBEABFE6C7B628030BA87A40 /* Pods_IBPCompositionalLayout_Sample.framework */,
			);
			name = Frameworks;
			sourceTree = "<group>";
		};
		8A0B617DA23FD3187C2F7989 /* Pods */ = {
			isa = PBXGroup;
			children = (
				6A935FF99A7D89308AFDA39A /* Pods-IBPCompositionalLayout-Sample.debug.xcconfig */,
				1E3F2EEEC1FD1D53592932A6 /* Pods-IBPCompositionalLayout-Sample.release.xcconfig */,
			);
			path = Pods;
			sourceTree = "<group>";
		};
/* End PBXGroup section */

/* Begin PBXNativeTarget section */
		2BDBDDD125C5442200D6F350 /* IBPCompositionalLayout-Sample */ = {
			isa = PBXNativeTarget;
			buildConfigurationList = 2BDBDDE625C5442900D6F350 /* Build configuration list for PBXNativeTarget "IBPCompositionalLayout-Sample" */;
			buildPhases = (
				79DA4E653FA47898F1DB3145 /* [CP] Check Pods Manifest.lock */,
				2BDBDDCE25C5442200D6F350 /* Sources */,
				2BDBDDCF25C5442200D6F350 /* Frameworks */,
				2BDBDDD025C5442200D6F350 /* Resources */,
				FDD765B139E412300EFB6426 /* [CP] Embed Pods Frameworks */,
			);
			buildRules = (
			);
			dependencies = (
			);
			name = "IBPCompositionalLayout-Sample";
			productName = "IBPCompositionalLayout-Sample";
			productReference = 2BDBDDD225C5442200D6F350 /* IBPCompositionalLayout-Sample.app */;
			productType = "com.apple.product-type.application";
		};
/* End PBXNativeTarget section */

/* Begin PBXProject section */
		2BDBDDCA25C5442200D6F350 /* Project object */ = {
			isa = PBXProject;
			attributes = {
				LastSwiftUpdateCheck = 1200;
				LastUpgradeCheck = 1200;
				TargetAttributes = {
					2BDBDDD125C5442200D6F350 = {
						CreatedOnToolsVersion = 12.0;
					};
				};
			};
			buildConfigurationList = 2BDBDDCD25C5442200D6F350 /* Build configuration list for PBXProject "IBPCompositionalLayout-Sample" */;
			compatibilityVersion = "Xcode 9.3";
			developmentRegion = en;
			hasScannedForEncodings = 0;
			knownRegions = (
				en,
				Base,
			);
			mainGroup = 2BDBDDC925C5442200D6F350;
			productRefGroup = 2BDBDDD325C5442200D6F350 /* Products */;
			projectDirPath = "";
			projectRoot = "";
			targets = (
				2BDBDDD125C5442200D6F350 /* IBPCompositionalLayout-Sample */,
			);
		};
/* End PBXProject section */

/* Begin PBXResourcesBuildPhase section */
		2BDBDDD025C5442200D6F350 /* Resources */ = {
			isa = PBXResourcesBuildPhase;
			buildActionMask = 2147483647;
			files = (
				2BDBDDE225C5442900D6F350 /* LaunchScreen.storyboard in Resources */,
				2BDBDDDF25C5442900D6F350 /* Assets.xcassets in Resources */,
				2BDBDDDD25C5442200D6F350 /* Main.storyboard in Resources */,
			);
			runOnlyForDeploymentPostprocessing = 0;
		};
/* End PBXResourcesBuildPhase section */

/* Begin PBXShellScriptBuildPhase section */
		79DA4E653FA47898F1DB3145 /* [CP] Check Pods Manifest.lock */ = {
			isa = PBXShellScriptBuildPhase;
			buildActionMask = 2147483647;
			files = (
			);
			inputFileListPaths = (
			);
			inputPaths = (
				"${PODS_PODFILE_DIR_PATH}/Podfile.lock",
				"${PODS_ROOT}/Manifest.lock",
			);
			name = "[CP] Check Pods Manifest.lock";
			outputFileListPaths = (
			);
			outputPaths = (
				"$(DERIVED_FILE_DIR)/Pods-IBPCompositionalLayout-Sample-checkManifestLockResult.txt",
			);
			runOnlyForDeploymentPostprocessing = 0;
			shellPath = /bin/sh;
			shellScript = "diff \"${PODS_PODFILE_DIR_PATH}/Podfile.lock\" \"${PODS_ROOT}/Manifest.lock\" > /dev/null\nif [ $? != 0 ] ; then\n    # print error to STDERR\n    echo \"error: The sandbox is not in sync with the Podfile.lock. Run 'pod install' or update your CocoaPods installation.\" >&2\n    exit 1\nfi\n# This output is used by Xcode 'outputs' to avoid re-running this script phase.\necho \"SUCCESS\" > \"${SCRIPT_OUTPUT_FILE_0}\"\n";
			showEnvVarsInLog = 0;
		};
		FDD765B139E412300EFB6426 /* [CP] Embed Pods Frameworks */ = {
			isa = PBXShellScriptBuildPhase;
			buildActionMask = 2147483647;
			files = (
			);
			inputFileListPaths = (
				"${PODS_ROOT}/Target Support Files/Pods-IBPCompositionalLayout-Sample/Pods-IBPCompositionalLayout-Sample-frameworks-${CONFIGURATION}-input-files.xcfilelist",
			);
			name = "[CP] Embed Pods Frameworks";
			outputFileListPaths = (
				"${PODS_ROOT}/Target Support Files/Pods-IBPCompositionalLayout-Sample/Pods-IBPCompositionalLayout-Sample-frameworks-${CONFIGURATION}-output-files.xcfilelist",
			);
			runOnlyForDeploymentPostprocessing = 0;
			shellPath = /bin/sh;
			shellScript = "\"${PODS_ROOT}/Target Support Files/Pods-IBPCompositionalLayout-Sample/Pods-IBPCompositionalLayout-Sample-frameworks.sh\"\n";
			showEnvVarsInLog = 0;
		};
/* End PBXShellScriptBuildPhase section */

/* Begin PBXSourcesBuildPhase section */
		2BDBDDCE25C5442200D6F350 /* Sources */ = {
			isa = PBXSourcesBuildPhase;
			buildActionMask = 2147483647;
			files = (
				2BDBDE0725C6785400D6F350 /* IBPCollectionViewCompositionalLayoutInteroperability.swift in Sources */,
				2BDBDE0425C6780900D6F350 /* Section.swift in Sources */,
				2BDBDDDA25C5442200D6F350 /* ViewController.swift in Sources */,
				2BDBDDD625C5442200D6F350 /* AppDelegate.swift in Sources */,
			);
			runOnlyForDeploymentPostprocessing = 0;
		};
/* End PBXSourcesBuildPhase section */

/* Begin PBXVariantGroup section */
		2BDBDDDB25C5442200D6F350 /* Main.storyboard */ = {
			isa = PBXVariantGroup;
			children = (
				2BDBDDDC25C5442200D6F350 /* Base */,
			);
			name = Main.storyboard;
			sourceTree = "<group>";
		};
		2BDBDDE025C5442900D6F350 /* LaunchScreen.storyboard */ = {
			isa = PBXVariantGroup;
			children = (
				2BDBDDE125C5442900D6F350 /* Base */,
			);
			name = LaunchScreen.storyboard;
			sourceTree = "<group>";
		};
/* End PBXVariantGroup section */

/* Begin XCBuildConfiguration section */
		2BDBDDE425C5442900D6F350 /* Debug */ = {
			isa = XCBuildConfiguration;
			buildSettings = {
				ALWAYS_SEARCH_USER_PATHS = NO;
				CLANG_ANALYZER_NONNULL = YES;
				CLANG_ANALYZER_NUMBER_OBJECT_CONVERSION = YES_AGGRESSIVE;
				CLANG_CXX_LANGUAGE_STANDARD = "gnu++14";
				CLANG_CXX_LIBRARY = "libc++";
				CLANG_ENABLE_MODULES = YES;
				CLANG_ENABLE_OBJC_ARC = YES;
				CLANG_ENABLE_OBJC_WEAK = YES;
				CLANG_WARN_BLOCK_CAPTURE_AUTORELEASING = YES;
				CLANG_WARN_BOOL_CONVERSION = YES;
				CLANG_WARN_COMMA = YES;
				CLANG_WARN_CONSTANT_CONVERSION = YES;
				CLANG_WARN_DEPRECATED_OBJC_IMPLEMENTATIONS = YES;
				CLANG_WARN_DIRECT_OBJC_ISA_USAGE = YES_ERROR;
				CLANG_WARN_DOCUMENTATION_COMMENTS = YES;
				CLANG_WARN_EMPTY_BODY = YES;
				CLANG_WARN_ENUM_CONVERSION = YES;
				CLANG_WARN_INFINITE_RECURSION = YES;
				CLANG_WARN_INT_CONVERSION = YES;
				CLANG_WARN_NON_LITERAL_NULL_CONVERSION = YES;
				CLANG_WARN_OBJC_IMPLICIT_RETAIN_SELF = YES;
				CLANG_WARN_OBJC_LITERAL_CONVERSION = YES;
				CLANG_WARN_OBJC_ROOT_CLASS = YES_ERROR;
				CLANG_WARN_QUOTED_INCLUDE_IN_FRAMEWORK_HEADER = YES;
				CLANG_WARN_RANGE_LOOP_ANALYSIS = YES;
				CLANG_WARN_STRICT_PROTOTYPES = YES;
				CLANG_WARN_SUSPICIOUS_MOVE = YES;
				CLANG_WARN_UNGUARDED_AVAILABILITY = YES_AGGRESSIVE;
				CLANG_WARN_UNREACHABLE_CODE = YES;
				CLANG_WARN__DUPLICATE_METHOD_MATCH = YES;
				COPY_PHASE_STRIP = NO;
				DEBUG_INFORMATION_FORMAT = dwarf;
				ENABLE_STRICT_OBJC_MSGSEND = YES;
				ENABLE_TESTABILITY = YES;
				GCC_C_LANGUAGE_STANDARD = gnu11;
				GCC_DYNAMIC_NO_PIC = NO;
				GCC_NO_COMMON_BLOCKS = YES;
				GCC_OPTIMIZATION_LEVEL = 0;
				GCC_PREPROCESSOR_DEFINITIONS = (
					"DEBUG=1",
					"$(inherited)",
				);
				GCC_WARN_64_TO_32_BIT_CONVERSION = YES;
				GCC_WARN_ABOUT_RETURN_TYPE = YES_ERROR;
				GCC_WARN_UNDECLARED_SELECTOR = YES;
				GCC_WARN_UNINITIALIZED_AUTOS = YES_AGGRESSIVE;
				GCC_WARN_UNUSED_FUNCTION = YES;
				GCC_WARN_UNUSED_VARIABLE = YES;
				IPHONEOS_DEPLOYMENT_TARGET = 14.0;
				MTL_ENABLE_DEBUG_INFO = INCLUDE_SOURCE;
				MTL_FAST_MATH = YES;
				ONLY_ACTIVE_ARCH = YES;
				SDKROOT = iphoneos;
				SWIFT_ACTIVE_COMPILATION_CONDITIONS = DEBUG;
				SWIFT_OPTIMIZATION_LEVEL = "-Onone";
			};
			name = Debug;
		};
		2BDBDDE525C5442900D6F350 /* Release */ = {
			isa = XCBuildConfiguration;
			buildSettings = {
				ALWAYS_SEARCH_USER_PATHS = NO;
				CLANG_ANALYZER_NONNULL = YES;
				CLANG_ANALYZER_NUMBER_OBJECT_CONVERSION = YES_AGGRESSIVE;
				CLANG_CXX_LANGUAGE_STANDARD = "gnu++14";
				CLANG_CXX_LIBRARY = "libc++";
				CLANG_ENABLE_MODULES = YES;
				CLANG_ENABLE_OBJC_ARC = YES;
				CLANG_ENABLE_OBJC_WEAK = YES;
				CLANG_WARN_BLOCK_CAPTURE_AUTORELEASING = YES;
				CLANG_WARN_BOOL_CONVERSION = YES;
				CLANG_WARN_COMMA = YES;
				CLANG_WARN_CONSTANT_CONVERSION = YES;
				CLANG_WARN_DEPRECATED_OBJC_IMPLEMENTATIONS = YES;
				CLANG_WARN_DIRECT_OBJC_ISA_USAGE = YES_ERROR;
				CLANG_WARN_DOCUMENTATION_COMMENTS = YES;
				CLANG_WARN_EMPTY_BODY = YES;
				CLANG_WARN_ENUM_CONVERSION = YES;
				CLANG_WARN_INFINITE_RECURSION = YES;
				CLANG_WARN_INT_CONVERSION = YES;
				CLANG_WARN_NON_LITERAL_NULL_CONVERSION = YES;
				CLANG_WARN_OBJC_IMPLICIT_RETAIN_SELF = YES;
				CLANG_WARN_OBJC_LITERAL_CONVERSION = YES;
				CLANG_WARN_OBJC_ROOT_CLASS = YES_ERROR;
				CLANG_WARN_QUOTED_INCLUDE_IN_FRAMEWORK_HEADER = YES;
				CLANG_WARN_RANGE_LOOP_ANALYSIS = YES;
				CLANG_WARN_STRICT_PROTOTYPES = YES;
				CLANG_WARN_SUSPICIOUS_MOVE = YES;
				CLANG_WARN_UNGUARDED_AVAILABILITY = YES_AGGRESSIVE;
				CLANG_WARN_UNREACHABLE_CODE = YES;
				CLANG_WARN__DUPLICATE_METHOD_MATCH = YES;
				COPY_PHASE_STRIP = NO;
				DEBUG_INFORMATION_FORMAT = "dwarf-with-dsym";
				ENABLE_NS_ASSERTIONS = NO;
				ENABLE_STRICT_OBJC_MSGSEND = YES;
				GCC_C_LANGUAGE_STANDARD = gnu11;
				GCC_NO_COMMON_BLOCKS = YES;
				GCC_WARN_64_TO_32_BIT_CONVERSION = YES;
				GCC_WARN_ABOUT_RETURN_TYPE = YES_ERROR;
				GCC_WARN_UNDECLARED_SELECTOR = YES;
				GCC_WARN_UNINITIALIZED_AUTOS = YES_AGGRESSIVE;
				GCC_WARN_UNUSED_FUNCTION = YES;
				GCC_WARN_UNUSED_VARIABLE = YES;
				IPHONEOS_DEPLOYMENT_TARGET = 14.0;
				MTL_ENABLE_DEBUG_INFO = NO;
				MTL_FAST_MATH = YES;
				SDKROOT = iphoneos;
				SWIFT_COMPILATION_MODE = wholemodule;
				SWIFT_OPTIMIZATION_LEVEL = "-O";
				VALIDATE_PRODUCT = YES;
			};
			name = Release;
		};
		2BDBDDE725C5442900D6F350 /* Debug */ = {
			isa = XCBuildConfiguration;
			baseConfigurationReference = 6A935FF99A7D89308AFDA39A /* Pods-IBPCompositionalLayout-Sample.debug.xcconfig */;
			buildSettings = {
				ASSETCATALOG_COMPILER_APPICON_NAME = AppIcon;
				ASSETCATALOG_COMPILER_GLOBAL_ACCENT_COLOR_NAME = AccentColor;
				CODE_SIGN_STYLE = Automatic;
				DEVELOPMENT_TEAM = 56787CM63P;
				INFOPLIST_FILE = "IBPCompositionalLayout-Sample/Info.plist";
				IPHONEOS_DEPLOYMENT_TARGET = 12.0;
				LD_RUNPATH_SEARCH_PATHS = (
					"$(inherited)",
					"@executable_path/Frameworks",
				);
				PRODUCT_BUNDLE_IDENTIFIER = "tosh7.IBPCompositionalLayout-Sample";
				PRODUCT_NAME = "$(TARGET_NAME)";
				SWIFT_VERSION = 5.0;
				TARGETED_DEVICE_FAMILY = "1,2";
			};
			name = Debug;
		};
		2BDBDDE825C5442900D6F350 /* Release */ = {
			isa = XCBuildConfiguration;
			baseConfigurationReference = 1E3F2EEEC1FD1D53592932A6 /* Pods-IBPCompositionalLayout-Sample.release.xcconfig */;
			buildSettings = {
				ASSETCATALOG_COMPILER_APPICON_NAME = AppIcon;
				ASSETCATALOG_COMPILER_GLOBAL_ACCENT_COLOR_NAME = AccentColor;
				CODE_SIGN_STYLE = Automatic;
				DEVELOPMENT_TEAM = 56787CM63P;
				INFOPLIST_FILE = "IBPCompositionalLayout-Sample/Info.plist";
				IPHONEOS_DEPLOYMENT_TARGET = 12.0;
				LD_RUNPATH_SEARCH_PATHS = (
					"$(inherited)",
					"@executable_path/Frameworks",
				);
				PRODUCT_BUNDLE_IDENTIFIER = "tosh7.IBPCompositionalLayout-Sample";
				PRODUCT_NAME = "$(TARGET_NAME)";
				SWIFT_VERSION = 5.0;
				TARGETED_DEVICE_FAMILY = "1,2";
			};
			name = Release;
		};
/* End XCBuildConfiguration section */

/* Begin XCConfigurationList section */
		2BDBDDCD25C5442200D6F350 /* Build configuration list for PBXProject "IBPCompositionalLayout-Sample" */ = {
			isa = XCConfigurationList;
			buildConfigurations = (
				2BDBDDE425C5442900D6F350 /* Debug */,
				2BDBDDE525C5442900D6F350 /* Release */,
			);
			defaultConfigurationIsVisible = 0;
			defaultConfigurationName = Release;
		};
		2BDBDDE625C5442900D6F350 /* Build configuration list for PBXNativeTarget "IBPCompositionalLayout-Sample" */ = {
			isa = XCConfigurationList;
			buildConfigurations = (
				2BDBDDE725C5442900D6F350 /* Debug */,
				2BDBDDE825C5442900D6F350 /* Release */,
			);
			defaultConfigurationIsVisible = 0;
			defaultConfigurationName = Release;
		};
/* End XCConfigurationList section */
	};
	rootObject = 2BDBDDCA25C5442200D6F350 /* Project object */;
}
